// !$*UTF8*$!
{
	archiveVersion = 1;
	classes = {
	};
	objectVersion = 50;
	objects = {

/* Begin PBXBuildFile section */
		F4B9E70D2135C5370074ED75 /* AppDelegate.swift in Sources */ = {isa = PBXBuildFile; fileRef = F4B9E70C2135C5370074ED75 /* AppDelegate.swift */; };
		F4B9E70F2135C5370074ED75 /* ViewController.swift in Sources */ = {isa = PBXBuildFile; fileRef = F4B9E70E2135C5370074ED75 /* ViewController.swift */; };
		F4B9E7122135C5370074ED75 /* Main.storyboard in Resources */ = {isa = PBXBuildFile; fileRef = F4B9E7102135C5370074ED75 /* Main.storyboard */; };
		F4B9E7142135C5390074ED75 /* Assets.xcassets in Resources */ = {isa = PBXBuildFile; fileRef = F4B9E7132135C5390074ED75 /* Assets.xcassets */; };
		F4B9E7172135C5390074ED75 /* LaunchScreen.storyboard in Resources */ = {isa = PBXBuildFile; fileRef = F4B9E7152135C5390074ED75 /* LaunchScreen.storyboard */; };
		F4B9E7222135C5390074ED75 /* ConversoresTests.swift in Sources */ = {isa = PBXBuildFile; fileRef = F4B9E7212135C5390074ED75 /* ConversoresTests.swift */; };
		F4B9E72D2135C5390074ED75 /* ConversoresUITests.swift in Sources */ = {isa = PBXBuildFile; fileRef = F4B9E72C2135C5390074ED75 /* ConversoresUITests.swift */; };
/* End PBXBuildFile section */

/* Begin PBXContainerItemProxy section */
		F4B9E71E2135C5390074ED75 /* PBXContainerItemProxy */ = {
			isa = PBXContainerItemProxy;
			containerPortal = F4B9E7012135C5370074ED75 /* Project object */;
			proxyType = 1;
			remoteGlobalIDString = F4B9E7082135C5370074ED75;
			remoteInfo = Conversores;
		};
		F4B9E7292135C5390074ED75 /* PBXContainerItemProxy */ = {
			isa = PBXContainerItemProxy;
			containerPortal = F4B9E7012135C5370074ED75 /* Project object */;
			proxyType = 1;
			remoteGlobalIDString = F4B9E7082135C5370074ED75;
			remoteInfo = Conversores;
		};
/* End PBXContainerItemProxy section */

/* Begin PBXFileReference section */
		F4B9E7092135C5370074ED75 /* Conversores.app */ = {isa = PBXFileReference; explicitFileType = wrapper.application; includeInIndex = 0; path = Conversores.app; sourceTree = BUILT_PRODUCTS_DIR; };
		F4B9E70C2135C5370074ED75 /* AppDelegate.swift */ = {isa = PBXFileReference; lastKnownFileType = sourcecode.swift; path = AppDelegate.swift; sourceTree = "<group>"; };
		F4B9E70E2135C5370074ED75 /* ViewController.swift */ = {isa = PBXFileReference; lastKnownFileType = sourcecode.swift; path = ViewController.swift; sourceTree = "<group>"; };
		F4B9E7112135C5370074ED75 /* Base */ = {isa = PBXFileReference; lastKnownFileType = file.storyboard; name = Base; path = Base.lproj/Main.storyboard; sourceTree = "<group>"; };
		F4B9E7132135C5390074ED75 /* Assets.xcassets */ = {isa = PBXFileReference; lastKnownFileType = folder.assetcatalog; path = Assets.xcassets; sourceTree = "<group>"; };
		F4B9E7162135C5390074ED75 /* Base */ = {isa = PBXFileReference; lastKnownFileType = file.storyboard; name = Base; path = Base.lproj/LaunchScreen.storyboard; sourceTree = "<group>"; };
		F4B9E7182135C5390074ED75 /* Info.plist */ = {isa = PBXFileReference; lastKnownFileType = text.plist.xml; path = Info.plist; sourceTree = "<group>"; };
		F4B9E71D2135C5390074ED75 /* ConversoresTests.xctest */ = {isa = PBXFileReference; explicitFileType = wrapper.cfbundle; includeInIndex = 0; path = ConversoresTests.xctest; sourceTree = BUILT_PRODUCTS_DIR; };
		F4B9E7212135C5390074ED75 /* ConversoresTests.swift */ = {isa = PBXFileReference; lastKnownFileType = sourcecode.swift; path = ConversoresTests.swift; sourceTree = "<group>"; };
		F4B9E7232135C5390074ED75 /* Info.plist */ = {isa = PBXFileReference; lastKnownFileType = text.plist.xml; path = Info.plist; sourceTree = "<group>"; };
		F4B9E7282135C5390074ED75 /* ConversoresUITests.xctest */ = {isa = PBXFileReference; explicitFileType = wrapper.cfbundle; includeInIndex = 0; path = ConversoresUITests.xctest; sourceTree = BUILT_PRODUCTS_DIR; };
		F4B9E72C2135C5390074ED75 /* ConversoresUITests.swift */ = {isa = PBXFileReference; lastKnownFileType = sourcecode.swift; path = ConversoresUITests.swift; sourceTree = "<group>"; };
		F4B9E72E2135C5390074ED75 /* Info.plist */ = {isa = PBXFileReference; lastKnownFileType = text.plist.xml; path = Info.plist; sourceTree = "<group>"; };
/* End PBXFileReference section */

/* Begin PBXFrameworksBuildPhase section */
		F4B9E7062135C5370074ED75 /* Frameworks */ = {
			isa = PBXFrameworksBuildPhase;
			buildActionMask = 2147483647;
			files = (
			);
			runOnlyForDeploymentPostprocessing = 0;
		};
		F4B9E71A2135C5390074ED75 /* Frameworks */ = {
			isa = PBXFrameworksBuildPhase;
			buildActionMask = 2147483647;
			files = (
			);
			runOnlyForDeploymentPostprocessing = 0;
		};
		F4B9E7252135C5390074ED75 /* Frameworks */ = {
			isa = PBXFrameworksBuildPhase;
			buildActionMask = 2147483647;
			files = (
			);
			runOnlyForDeploymentPostprocessing = 0;
		};
/* End PBXFrameworksBuildPhase section */

/* Begin PBXGroup section */
		F4B9E7002135C5370074ED75 = {
			isa = PBXGroup;
			children = (
				F4B9E70B2135C5370074ED75 /* Conversores */,
				F4B9E7202135C5390074ED75 /* ConversoresTests */,
				F4B9E72B2135C5390074ED75 /* ConversoresUITests */,
				F4B9E70A2135C5370074ED75 /* Products */,
			);
			sourceTree = "<group>";
		};
		F4B9E70A2135C5370074ED75 /* Products */ = {
			isa = PBXGroup;
			children = (
				F4B9E7092135C5370074ED75 /* Conversores.app */,
				F4B9E71D2135C5390074ED75 /* ConversoresTests.xctest */,
				F4B9E7282135C5390074ED75 /* ConversoresUITests.xctest */,
			);
			name = Products;
			sourceTree = "<group>";
		};
		F4B9E70B2135C5370074ED75 /* Conversores */ = {
			isa = PBXGroup;
			children = (
				F4B9E70C2135C5370074ED75 /* AppDelegate.swift */,
				F4B9E70E2135C5370074ED75 /* ViewController.swift */,
				F4B9E7102135C5370074ED75 /* Main.storyboard */,
				F4B9E7132135C5390074ED75 /* Assets.xcassets */,
				F4B9E7152135C5390074ED75 /* LaunchScreen.storyboard */,
				F4B9E7182135C5390074ED75 /* Info.plist */,
			);
			path = Conversores;
			sourceTree = "<group>";
		};
		F4B9E7202135C5390074ED75 /* ConversoresTests */ = {
			isa = PBXGroup;
			children = (
				F4B9E7212135C5390074ED75 /* ConversoresTests.swift */,
				F4B9E7232135C5390074ED75 /* Info.plist */,
			);
			path = ConversoresTests;
			sourceTree = "<group>";
		};
		F4B9E72B2135C5390074ED75 /* ConversoresUITests */ = {
			isa = PBXGroup;
			children = (
				F4B9E72C2135C5390074ED75 /* ConversoresUITests.swift */,
				F4B9E72E2135C5390074ED75 /* Info.plist */,
			);
			path = ConversoresUITests;
			sourceTree = "<group>";
		};
/* End PBXGroup section */

/* Begin PBXNativeTarget section */
		F4B9E7082135C5370074ED75 /* Conversores */ = {
			isa = PBXNativeTarget;
			buildConfigurationList = F4B9E7312135C5390074ED75 /* Build configuration list for PBXNativeTarget "Conversores" */;
			buildPhases = (
				F4B9E7052135C5370074ED75 /* Sources */,
				F4B9E7062135C5370074ED75 /* Frameworks */,
				F4B9E7072135C5370074ED75 /* Resources */,
			);
			buildRules = (
			);
			dependencies = (
			);
			name = Conversores;
			productName = Conversores;
			productReference = F4B9E7092135C5370074ED75 /* Conversores.app */;
			productType = "com.apple.product-type.application";
		};
		F4B9E71C2135C5390074ED75 /* ConversoresTests */ = {
			isa = PBXNativeTarget;
			buildConfigurationList = F4B9E7342135C5390074ED75 /* Build configuration list for PBXNativeTarget "ConversoresTests" */;
			buildPhases = (
				F4B9E7192135C5390074ED75 /* Sources */,
				F4B9E71A2135C5390074ED75 /* Frameworks */,
				F4B9E71B2135C5390074ED75 /* Resources */,
			);
			buildRules = (
			);
			dependencies = (
				F4B9E71F2135C5390074ED75 /* PBXTargetDependency */,
			);
			name = ConversoresTests;
			productName = ConversoresTests;
			productReference = F4B9E71D2135C5390074ED75 /* ConversoresTests.xctest */;
			productType = "com.apple.product-type.bundle.unit-test";
		};
		F4B9E7272135C5390074ED75 /* ConversoresUITests */ = {
			isa = PBXNativeTarget;
			buildConfigurationList = F4B9E7372135C5390074ED75 /* Build configuration list for PBXNativeTarget "ConversoresUITests" */;
			buildPhases = (
				F4B9E7242135C5390074ED75 /* Sources */,
				F4B9E7252135C5390074ED75 /* Frameworks */,
				F4B9E7262135C5390074ED75 /* Resources */,
			);
			buildRules = (
			);
			dependencies = (
				F4B9E72A2135C5390074ED75 /* PBXTargetDependency */,
			);
			name = ConversoresUITests;
			productName = ConversoresUITests;
			productReference = F4B9E7282135C5390074ED75 /* ConversoresUITests.xctest */;
			productType = "com.apple.product-type.bundle.ui-testing";
		};
/* End PBXNativeTarget section */

/* Begin PBXProject section */
		F4B9E7012135C5370074ED75 /* Project object */ = {
			isa = PBXProject;
			attributes = {
				LastSwiftUpdateCheck = 0940;
				LastUpgradeCheck = 0940;
				ORGANIZATIONNAME = "Liu Vasconcelos";
				TargetAttributes = {
					F4B9E7082135C5370074ED75 = {
						CreatedOnToolsVersion = 9.4.1;
					};
					F4B9E71C2135C5390074ED75 = {
						CreatedOnToolsVersion = 9.4.1;
						TestTargetID = F4B9E7082135C5370074ED75;
					};
					F4B9E7272135C5390074ED75 = {
						CreatedOnToolsVersion = 9.4.1;
						TestTargetID = F4B9E7082135C5370074ED75;
					};
				};
			};
			buildConfigurationList = F4B9E7042135C5370074ED75 /* Build configuration list for PBXProject "Conversores" */;
			compatibilityVersion = "Xcode 9.3";
			developmentRegion = en;
			hasScannedForEncodings = 0;
			knownRegions = (
				en,
				Base,
			);
			mainGroup = F4B9E7002135C5370074ED75;
			productRefGroup = F4B9E70A2135C5370074ED75 /* Products */;
			projectDirPath = "";
			projectRoot = "";
			targets = (
				F4B9E7082135C5370074ED75 /* Conversores */,
				F4B9E71C2135C5390074ED75 /* ConversoresTests */,
				F4B9E7272135C5390074ED75 /* ConversoresUITests */,
			);
		};
/* End PBXProject section */

/* Begin PBXResourcesBuildPhase section */
		F4B9E7072135C5370074ED75 /* Resources */ = {
			isa = PBXResourcesBuildPhase;
			buildActionMask = 2147483647;
			files = (
				F4B9E7172135C5390074ED75 /* LaunchScreen.storyboard in Resources */,
				F4B9E7142135C5390074ED75 /* Assets.xcassets in Resources */,
				F4B9E7122135C5370074ED75 /* Main.storyboard in Resources */,
			);
			runOnlyForDeploymentPostprocessing = 0;
		};
		F4B9E71B2135C5390074ED75 /* Resources */ = {
			isa = PBXResourcesBuildPhase;
			buildActionMask = 2147483647;
			files = (
			);
			runOnlyForDeploymentPostprocessing = 0;
		};
		F4B9E7262135C5390074ED75 /* Resources */ = {
			isa = PBXResourcesBuildPhase;
			buildActionMask = 2147483647;
			files = (
			);
			runOnlyForDeploymentPostprocessing = 0;
		};
/* End PBXResourcesBuildPhase section */

/* Begin PBXSourcesBuildPhase section */
		F4B9E7052135C5370074ED75 /* Sources */ = {
			isa = PBXSourcesBuildPhase;
			buildActionMask = 2147483647;
			files = (
				F4B9E70F2135C5370074ED75 /* ViewController.swift in Sources */,
				F4B9E70D2135C5370074ED75 /* AppDelegate.swift in Sources */,
			);
			runOnlyForDeploymentPostprocessing = 0;
		};
		F4B9E7192135C5390074ED75 /* Sources */ = {
			isa = PBXSourcesBuildPhase;
			buildActionMask = 2147483647;
			files = (
				F4B9E7222135C5390074ED75 /* ConversoresTests.swift in Sources */,
			);
			runOnlyForDeploymentPostprocessing = 0;
		};
		F4B9E7242135C5390074ED75 /* Sources */ = {
			isa = PBXSourcesBuildPhase;
			buildActionMask = 2147483647;
			files = (
				F4B9E72D2135C5390074ED75 /* ConversoresUITests.swift in Sources */,
			);
			runOnlyForDeploymentPostprocessing = 0;
		};
/* End PBXSourcesBuildPhase section */

/* Begin PBXTargetDependency section */
		F4B9E71F2135C5390074ED75 /* PBXTargetDependency */ = {
			isa = PBXTargetDependency;
			target = F4B9E7082135C5370074ED75 /* Conversores */;
			targetProxy = F4B9E71E2135C5390074ED75 /* PBXContainerItemProxy */;
		};
		F4B9E72A2135C5390074ED75 /* PBXTargetDependency */ = {
			isa = PBXTargetDependency;
			target = F4B9E7082135C5370074ED75 /* Conversores */;
			targetProxy = F4B9E7292135C5390074ED75 /* PBXContainerItemProxy */;
		};
/* End PBXTargetDependency section */

/* Begin PBXVariantGroup section */
		F4B9E7102135C5370074ED75 /* Main.storyboard */ = {
			isa = PBXVariantGroup;
			children = (
				F4B9E7112135C5370074ED75 /* Base */,
			);
			name = Main.storyboard;
			sourceTree = "<group>";
		};
		F4B9E7152135C5390074ED75 /* LaunchScreen.storyboard */ = {
			isa = PBXVariantGroup;
			children = (
				F4B9E7162135C5390074ED75 /* Base */,
			);
			name = LaunchScreen.storyboard;
			sourceTree = "<group>";
		};
/* End PBXVariantGroup section */

/* Begin XCBuildConfiguration section */
		F4B9E72F2135C5390074ED75 /* Debug */ = {
			isa = XCBuildConfiguration;
			buildSettings = {
				ALWAYS_SEARCH_USER_PATHS = NO;
				CLANG_ANALYZER_NONNULL = YES;
				CLANG_ANALYZER_NUMBER_OBJECT_CONVERSION = YES_AGGRESSIVE;
				CLANG_CXX_LANGUAGE_STANDARD = "gnu++14";
				CLANG_CXX_LIBRARY = "libc++";
				CLANG_ENABLE_MODULES = YES;
				CLANG_ENABLE_OBJC_ARC = YES;
				CLANG_ENABLE_OBJC_WEAK = YES;
				CLANG_WARN_BLOCK_CAPTURE_AUTORELEASING = YES;
				CLANG_WARN_BOOL_CONVERSION = YES;
				CLANG_WARN_COMMA = YES;
				CLANG_WARN_CONSTANT_CONVERSION = YES;
				CLANG_WARN_DEPRECATED_OBJC_IMPLEMENTATIONS = YES;
				CLANG_WARN_DIRECT_OBJC_ISA_USAGE = YES_ERROR;
				CLANG_WARN_DOCUMENTATION_COMMENTS = YES;
				CLANG_WARN_EMPTY_BODY = YES;
				CLANG_WARN_ENUM_CONVERSION = YES;
				CLANG_WARN_INFINITE_RECURSION = YES;
				CLANG_WARN_INT_CONVERSION = YES;
				CLANG_WARN_NON_LITERAL_NULL_CONVERSION = YES;
				CLANG_WARN_OBJC_IMPLICIT_RETAIN_SELF = YES;
				CLANG_WARN_OBJC_LITERAL_CONVERSION = YES;
				CLANG_WARN_OBJC_ROOT_CLASS = YES_ERROR;
				CLANG_WARN_RANGE_LOOP_ANALYSIS = YES;
				CLANG_WARN_STRICT_PROTOTYPES = YES;
				CLANG_WARN_SUSPICIOUS_MOVE = YES;
				CLANG_WARN_UNGUARDED_AVAILABILITY = YES_AGGRESSIVE;
				CLANG_WARN_UNREACHABLE_CODE = YES;
				CLANG_WARN__DUPLICATE_METHOD_MATCH = YES;
				CODE_SIGN_IDENTITY = "iPhone Developer";
				COPY_PHASE_STRIP = NO;
				DEBUG_INFORMATION_FORMAT = dwarf;
				ENABLE_STRICT_OBJC_MSGSEND = YES;
				ENABLE_TESTABILITY = YES;
				GCC_C_LANGUAGE_STANDARD = gnu11;
				GCC_DYNAMIC_NO_PIC = NO;
				GCC_NO_COMMON_BLOCKS = YES;
				GCC_OPTIMIZATION_LEVEL = 0;
				GCC_PREPROCESSOR_DEFINITIONS = (
					"DEBUG=1",
					"$(inherited)",
				);
				GCC_WARN_64_TO_32_BIT_CONVERSION = YES;
				GCC_WARN_ABOUT_RETURN_TYPE = YES_ERROR;
				GCC_WARN_UNDECLARED_SELECTOR = YES;
				GCC_WARN_UNINITIALIZED_AUTOS = YES_AGGRESSIVE;
				GCC_WARN_UNUSED_FUNCTION = YES;
				GCC_WARN_UNUSED_VARIABLE = YES;
				IPHONEOS_DEPLOYMENT_TARGET = 11.4;
				MTL_ENABLE_DEBUG_INFO = YES;
				ONLY_ACTIVE_ARCH = YES;
				SDKROOT = iphoneos;
				SWIFT_ACTIVE_COMPILATION_CONDITIONS = DEBUG;
				SWIFT_OPTIMIZATION_LEVEL = "-Onone";
			};
			name = Debug;
		};
		F4B9E7302135C5390074ED75 /* Release */ = {
			isa = XCBuildConfiguration;
			buildSettings = {
				ALWAYS_SEARCH_USER_PATHS = NO;
				CLANG_ANALYZER_NONNULL = YES;
				CLANG_ANALYZER_NUMBER_OBJECT_CONVERSION = YES_AGGRESSIVE;
				CLANG_CXX_LANGUAGE_STANDARD = "gnu++14";
				CLANG_CXX_LIBRARY = "libc++";
				CLANG_ENABLE_MODULES = YES;
				CLANG_ENABLE_OBJC_ARC = YES;
				CLANG_ENABLE_OBJC_WEAK = YES;
				CLANG_WARN_BLOCK_CAPTURE_AUTORELEASING = YES;
				CLANG_WARN_BOOL_CONVERSION = YES;
				CLANG_WARN_COMMA = YES;
				CLANG_WARN_CONSTANT_CONVERSION = YES;
				CLANG_WARN_DEPRECATED_OBJC_IMPLEMENTATIONS = YES;
				CLANG_WARN_DIRECT_OBJC_ISA_USAGE = YES_ERROR;
				CLANG_WARN_DOCUMENTATION_COMMENTS = YES;
				CLANG_WARN_EMPTY_BODY = YES;
				CLANG_WARN_ENUM_CONVERSION = YES;
				CLANG_WARN_INFINITE_RECURSION = YES;
				CLANG_WARN_INT_CONVERSION = YES;
				CLANG_WARN_NON_LITERAL_NULL_CONVERSION = YES;
				CLANG_WARN_OBJC_IMPLICIT_RETAIN_SELF = YES;
				CLANG_WARN_OBJC_LITERAL_CONVERSION = YES;
				CLANG_WARN_OBJC_ROOT_CLASS = YES_ERROR;
				CLANG_WARN_RANGE_LOOP_ANALYSIS = YES;
				CLANG_WARN_STRICT_PROTOTYPES = YES;
				CLANG_WARN_SUSPICIOUS_MOVE = YES;
				CLANG_WARN_UNGUARDED_AVAILABILITY = YES_AGGRESSIVE;
				CLANG_WARN_UNREACHABLE_CODE = YES;
				CLANG_WARN__DUPLICATE_METHOD_MATCH = YES;
				CODE_SIGN_IDENTITY = "iPhone Developer";
				COPY_PHASE_STRIP = NO;
				DEBUG_INFORMATION_FORMAT = "dwarf-with-dsym";
				ENABLE_NS_ASSERTIONS = NO;
				ENABLE_STRICT_OBJC_MSGSEND = YES;
				GCC_C_LANGUAGE_STANDARD = gnu11;
				GCC_NO_COMMON_BLOCKS = YES;
				GCC_WARN_64_TO_32_BIT_CONVERSION = YES;
				GCC_WARN_ABOUT_RETURN_TYPE = YES_ERROR;
				GCC_WARN_UNDECLARED_SELECTOR = YES;
				GCC_WARN_UNINITIALIZED_AUTOS = YES_AGGRESSIVE;
				GCC_WARN_UNUSED_FUNCTION = YES;
				GCC_WARN_UNUSED_VARIABLE = YES;
				IPHONEOS_DEPLOYMENT_TARGET = 11.4;
				MTL_ENABLE_DEBUG_INFO = NO;
				SDKROOT = iphoneos;
				SWIFT_COMPILATION_MODE = wholemodule;
				SWIFT_OPTIMIZATION_LEVEL = "-O";
				VALIDATE_PRODUCT = YES;
			};
			name = Release;
		};
		F4B9E7322135C5390074ED75 /* Debug */ = {
			isa = XCBuildConfiguration;
			buildSettings = {
				ASSETCATALOG_COMPILER_APPICON_NAME = AppIcon;
				CODE_SIGN_STYLE = Automatic;
				INFOPLIST_FILE = Conversores/Info.plist;
				LD_RUNPATH_SEARCH_PATHS = (
					"$(inherited)",
					"@executable_path/Frameworks",
				);
				PRODUCT_BUNDLE_IDENTIFIER = br.com.liuvasconcelos.Conversores;
				PRODUCT_NAME = "$(TARGET_NAME)";
				SWIFT_VERSION = 4.0;
				TARGETED_DEVICE_FAMILY = "1,2";
			};
			name = Debug;
		};
		F4B9E7332135C5390074ED75 /* Release */ = {
			isa = XCBuildConfiguration;
			buildSettings = {
				ASSETCATALOG_COMPILER_APPICON_NAME = AppIcon;
				CODE_SIGN_STYLE = Automatic;
				INFOPLIST_FILE = Conversores/Info.plist;
				LD_RUNPATH_SEARCH_PATHS = (
					"$(inherited)",
					"@executable_path/Frameworks",
				);
				PRODUCT_BUNDLE_IDENTIFIER = br.com.liuvasconcelos.Conversores;
				PRODUCT_NAME = "$(TARGET_NAME)";
				SWIFT_VERSION = 4.0;
				TARGETED_DEVICE_FAMILY = "1,2";
			};
			name = Release;
		};
		F4B9E7352135C5390074ED75 /* Debug */ = {
			isa = XCBuildConfiguration;
			buildSettings = {
				ALWAYS_EMBED_SWIFT_STANDARD_LIBRARIES = YES;
				BUNDLE_LOADER = "$(TEST_HOST)";
				CODE_SIGN_STYLE = Automatic;
				INFOPLIST_FILE = ConversoresTests/Info.plist;
				LD_RUNPATH_SEARCH_PATHS = (
					"$(inherited)",
					"@executable_path/Frameworks",
					"@loader_path/Frameworks",
				);
				PRODUCT_BUNDLE_IDENTIFIER = br.com.liuvasconcelos.ConversoresTests;
				PRODUCT_NAME = "$(TARGET_NAME)";
				SWIFT_VERSION = 4.0;
				TARGETED_DEVICE_FAMILY = "1,2";
				TEST_HOST = "$(BUILT_PRODUCTS_DIR)/Conversores.app/Conversores";
			};
			name = Debug;
		};
		F4B9E7362135C5390074ED75 /* Release */ = {
			isa = XCBuildConfiguration;
			buildSettings = {
				ALWAYS_EMBED_SWIFT_STANDARD_LIBRARIES = YES;
				BUNDLE_LOADER = "$(TEST_HOST)";
				CODE_SIGN_STYLE = Automatic;
				INFOPLIST_FILE = ConversoresTests/Info.plist;
				LD_RUNPATH_SEARCH_PATHS = (
					"$(inherited)",
					"@executable_path/Frameworks",
					"@loader_path/Frameworks",
				);
				PRODUCT_BUNDLE_IDENTIFIER = br.com.liuvasconcelos.ConversoresTests;
				PRODUCT_NAME = "$(TARGET_NAME)";
				SWIFT_VERSION = 4.0;
				TARGETED_DEVICE_FAMILY = "1,2";
				TEST_HOST = "$(BUILT_PRODUCTS_DIR)/Conversores.app/Conversores";
			};
			name = Release;
		};
		F4B9E7382135C5390074ED75 /* Debug */ = {
			isa = XCBuildConfiguration;
			buildSettings = {
				ALWAYS_EMBED_SWIFT_STANDARD_LIBRARIES = YES;
				CODE_SIGN_STYLE = Automatic;
				INFOPLIST_FILE = ConversoresUITests/Info.plist;
				LD_RUNPATH_SEARCH_PATHS = (
					"$(inherited)",
					"@executable_path/Frameworks",
					"@loader_path/Frameworks",
				);
				PRODUCT_BUNDLE_IDENTIFIER = br.com.liuvasconcelos.ConversoresUITests;
				PRODUCT_NAME = "$(TARGET_NAME)";
				SWIFT_VERSION = 4.0;
				TARGETED_DEVICE_FAMILY = "1,2";
				TEST_TARGET_NAME = Conversores;
			};
			name = Debug;
		};
		F4B9E7392135C5390074ED75 /* Release */ = {
			isa = XCBuildConfiguration;
			buildSettings = {
				ALWAYS_EMBED_SWIFT_STANDARD_LIBRARIES = YES;
				CODE_SIGN_STYLE = Automatic;
				INFOPLIST_FILE = ConversoresUITests/Info.plist;
				LD_RUNPATH_SEARCH_PATHS = (
					"$(inherited)",
					"@executable_path/Frameworks",
					"@loader_path/Frameworks",
				);
				PRODUCT_BUNDLE_IDENTIFIER = br.com.liuvasconcelos.ConversoresUITests;
				PRODUCT_NAME = "$(TARGET_NAME)";
				SWIFT_VERSION = 4.0;
				TARGETED_DEVICE_FAMILY = "1,2";
				TEST_TARGET_NAME = Conversores;
			};
			name = Release;
		};
/* End XCBuildConfiguration section */

/* Begin XCConfigurationList section */
		F4B9E7042135C5370074ED75 /* Build configuration list for PBXProject "Conversores" */ = {
			isa = XCConfigurationList;
			buildConfigurations = (
				F4B9E72F2135C5390074ED75 /* Debug */,
				F4B9E7302135C5390074ED75 /* Release */,
			);
			defaultConfigurationIsVisible = 0;
			defaultConfigurationName = Release;
		};
		F4B9E7312135C5390074ED75 /* Build configuration list for PBXNativeTarget "Conversores" */ = {
			isa = XCConfigurationList;
			buildConfigurations = (
				F4B9E7322135C5390074ED75 /* Debug */,
				F4B9E7332135C5390074ED75 /* Release */,
			);
			defaultConfigurationIsVisible = 0;
			defaultConfigurationName = Release;
		};
		F4B9E7342135C5390074ED75 /* Build configuration list for PBXNativeTarget "ConversoresTests" */ = {
			isa = XCConfigurationList;
			buildConfigurations = (
				F4B9E7352135C5390074ED75 /* Debug */,
				F4B9E7362135C5390074ED75 /* Release */,
			);
			defaultConfigurationIsVisible = 0;
			defaultConfigurationName = Release;
		};
		F4B9E7372135C5390074ED75 /* Build configuration list for PBXNativeTarget "ConversoresUITests" */ = {
			isa = XCConfigurationList;
			buildConfigurations = (
				F4B9E7382135C5390074ED75 /* Debug */,
				F4B9E7392135C5390074ED75 /* Release */,
			);
			defaultConfigurationIsVisible = 0;
			defaultConfigurationName = Release;
		};
/* End XCConfigurationList section */
	};
	rootObject = F4B9E7012135C5370074ED75 /* Project object */;
}
